
Microsoft Visual Studio Solution File, Format Version 12.00
# Visual Studio Version 17
VisualStudioVersion = 17.14.36401.2 d17.14
MinimumVisualStudioVersion = 10.0.40219.1
Project("{FAE04EC0-301F-11D3-BF4B-00C04F79EFBC}") = "Univercity Management System", "Univercity Management System\Univercity Management System.csproj", "{0C5BC824-8D1A-4361-8096-984F29E0E0CB}"
EndProject
Global
	GlobalSection(SolutionConfigurationPlatforms) = preSolution
		Debug|Any CPU = Debug|Any CPU
		Release|Any CPU = Release|Any CPU
	EndGlobalSection
	GlobalSection(ProjectConfigurationPlatforms) = postSolution
		{0C5BC824-8D1A-4361-8096-984F29E0E0CB}.Debug|Any CPU.ActiveCfg = Debug|Any CPU
		{0C5BC824-8D1A-4361-8096-984F29E0E0CB}.Debug|Any CPU.Build.0 = Debug|Any CPU
		{0C5BC824-8D1A-4361-8096-984F29E0E0CB}.Release|Any CPU.ActiveCfg = Release|Any CPU
		{0C5BC824-8D1A-4361-8096-984F29E0E0CB}.Release|Any CPU.Build.0 = Release|Any CPU
	EndGlobalSection
	GlobalSection(SolutionProperties) = preSolution
		HideSolutionNode = FALSE
	EndGlobalSection
	GlobalSection(ExtensibilityGlobals) = postSolution
		SolutionGuid = {43053B84-504E-441A-8274-443B1823FEB6}
	EndGlobalSection
EndGlobal
